
Microsoft Visual Studio Solution File, Format Version 12.00
# Visual Studio Version 17
VisualStudioVersion = 17.5.002.0
MinimumVisualStudioVersion = 10.0.40219.1
Project("{9A19103F-16F7-4668-BE54-9A1E7A4F7556}") = "MyWebApp", "MyWebApp.csproj", "{D2133FB7-03E7-43B1-B691-D789DB05AC5B}"
EndProject
Global
	GlobalSection(SolutionConfigurationPlatforms) = preSolution
		Debug|Any CPU = Debug|Any CPU
		Release|Any CPU = Release|Any CPU
	EndGlobalSection
	GlobalSection(ProjectConfigurationPlatforms) = postSolution
		{D2133FB7-03E7-43B1-B691-D789DB05AC5B}.Debug|Any CPU.ActiveCfg = Debug|Any CPU
		{D2133FB7-03E7-43B1-B691-D789DB05AC5B}.Debug|Any CPU.Build.0 = Debug|Any CPU
		{D2133FB7-03E7-43B1-B691-D789DB05AC5B}.Release|Any CPU.ActiveCfg = Release|Any CPU
		{D2133FB7-03E7-43B1-B691-D789DB05AC5B}.Release|Any CPU.Build.0 = Release|Any CPU
	EndGlobalSection
	GlobalSection(SolutionProperties) = preSolution
		HideSolutionNode = FALSE
	EndGlobalSection
	GlobalSection(ExtensibilityGlobals) = postSolution
		SolutionGuid = {95E3CC71-09F8-4DC6-9163-EE041989405B}
	EndGlobalSection
EndGlobal
